
Microsoft Visual Studio Solution File, Format Version 12.00
# Visual Studio Version 16
VisualStudioVersion = 16.0.31613.86
MinimumVisualStudioVersion = 10.0.40219.1
Project("{FAE04EC0-301F-11D3-BF4B-00C04F79EFBC}") = "VisualComponents", "VisualComponents\VisualComponents.csproj", "{DC0F28E4-430F-456F-988A-2A32045ECEF4}"
EndProject
Project("{FAE04EC0-301F-11D3-BF4B-00C04F79EFBC}") = "TestApp", "TestApp\TestApp.csproj", "{8F084032-70CC-414A-90C6-66DBE215A0A8}"
EndProject
Project("{FAE04EC0-301F-11D3-BF4B-00C04F79EFBC}") = "NotVisualComponents", "NotVisualComponents\NotVisualComponents.csproj", "{B1E54769-B99B-4A4F-9B71-50894C888983}"
EndProject
Global
	GlobalSection(SolutionConfigurationPlatforms) = preSolution
		Debug|Any CPU = Debug|Any CPU
		Release|Any CPU = Release|Any CPU
	EndGlobalSection
	GlobalSection(ProjectConfigurationPlatforms) = postSolution
		{DC0F28E4-430F-456F-988A-2A32045ECEF4}.Debug|Any CPU.ActiveCfg = Debug|Any CPU
		{DC0F28E4-430F-456F-988A-2A32045ECEF4}.Debug|Any CPU.Build.0 = Debug|Any CPU
		{DC0F28E4-430F-456F-988A-2A32045ECEF4}.Release|Any CPU.ActiveCfg = Release|Any CPU
		{DC0F28E4-430F-456F-988A-2A32045ECEF4}.Release|Any CPU.Build.0 = Release|Any CPU
		{8F084032-70CC-414A-90C6-66DBE215A0A8}.Debug|Any CPU.ActiveCfg = Debug|Any CPU
		{8F084032-70CC-414A-90C6-66DBE215A0A8}.Debug|Any CPU.Build.0 = Debug|Any CPU
		{8F084032-70CC-414A-90C6-66DBE215A0A8}.Release|Any CPU.ActiveCfg = Release|Any CPU
		{8F084032-70CC-414A-90C6-66DBE215A0A8}.Release|Any CPU.Build.0 = Release|Any CPU
		{B1E54769-B99B-4A4F-9B71-50894C888983}.Debug|Any CPU.ActiveCfg = Debug|Any CPU
		{B1E54769-B99B-4A4F-9B71-50894C888983}.Debug|Any CPU.Build.0 = Debug|Any CPU
		{B1E54769-B99B-4A4F-9B71-50894C888983}.Release|Any CPU.ActiveCfg = Release|Any CPU
		{B1E54769-B99B-4A4F-9B71-50894C888983}.Release|Any CPU.Build.0 = Release|Any CPU
	EndGlobalSection
	GlobalSection(SolutionProperties) = preSolution
		HideSolutionNode = FALSE
	EndGlobalSection
	GlobalSection(ExtensibilityGlobals) = postSolution
		SolutionGuid = {F851AC7C-842F-4D95-BB43-087DE642EA2F}
	EndGlobalSection
EndGlobal
